
Microsoft Visual Studio Solution File, Format Version 12.00
# Visual Studio Version 17
VisualStudioVersion = 17.4.33205.214
MinimumVisualStudioVersion = 10.0.40219.1
Project("{FAE04EC0-301F-11D3-BF4B-00C04F79EFBC}") = "XepLichThiDauBongDa", "XepLichThiDauBongDa\XepLichThiDauBongDa.csproj", "{024F2BDE-2022-48F0-B08A-A31EEF49805F}"
EndProject
Project("{FAE04EC0-301F-11D3-BF4B-00C04F79EFBC}") = "XepLichThiDauBongDaTests", "XepLichThiDauBongDaTests\XepLichThiDauBongDaTests.csproj", "{2BBF7A74-5194-4001-B1F5-3796A1E7EADD}"
EndProject
Global
	GlobalSection(SolutionConfigurationPlatforms) = preSolution
		Debug|Any CPU = Debug|Any CPU
		Release|Any CPU = Release|Any CPU
	EndGlobalSection
	GlobalSection(ProjectConfigurationPlatforms) = postSolution
		{024F2BDE-2022-48F0-B08A-A31EEF49805F}.Debug|Any CPU.ActiveCfg = Debug|Any CPU
		{024F2BDE-2022-48F0-B08A-A31EEF49805F}.Debug|Any CPU.Build.0 = Debug|Any CPU
		{024F2BDE-2022-48F0-B08A-A31EEF49805F}.Release|Any CPU.ActiveCfg = Release|Any CPU
		{024F2BDE-2022-48F0-B08A-A31EEF49805F}.Release|Any CPU.Build.0 = Release|Any CPU
		{2BBF7A74-5194-4001-B1F5-3796A1E7EADD}.Debug|Any CPU.ActiveCfg = Debug|Any CPU
		{2BBF7A74-5194-4001-B1F5-3796A1E7EADD}.Debug|Any CPU.Build.0 = Debug|Any CPU
		{2BBF7A74-5194-4001-B1F5-3796A1E7EADD}.Release|Any CPU.ActiveCfg = Release|Any CPU
		{2BBF7A74-5194-4001-B1F5-3796A1E7EADD}.Release|Any CPU.Build.0 = Release|Any CPU
	EndGlobalSection
	GlobalSection(SolutionProperties) = preSolution
		HideSolutionNode = FALSE
	EndGlobalSection
	GlobalSection(ExtensibilityGlobals) = postSolution
		SolutionGuid = {3080E1E0-6C59-4C0A-BABA-D2291B7FF595}
	EndGlobalSection
EndGlobal
